{
  "name": "dsh",
  "lockfileVersion": 3,
  "requires": true,
  "packages": {
    "": {
      "dependencies": {
        "cmudict": "^1.0.2"
      }
    },
    "node_modules/cmudict": {
      "version": "1.0.2",
      "resolved": "https://registry.npmjs.org/cmudict/-/cmudict-1.0.2.tgz",
      "integrity": "sha512-PiJijXznZSTi69JsOWIxjHEJTK3hwV97AB4RERjFl/LfSrKIX635aRG2eLKtMO6cIZ6L/Q5wRmCIXH66OG6nRw==",
      "os": [
        "linux",
        "darwin",
        "freebsd",
        "solaris",
        "sunos",
        "win32"
      ],
      "engines": {
        "node": ">=0.4.0"
      }
    }
  }
}
