# This file is generated by running "yarn install" inside your project.
# Manual changes might be lost - proceed with caution!

__metadata:
  version: 8
  cacheKey: 10c0

"cmudict@npm:^1.0.2":
  version: 1.0.2
  resolution: "cmudict@npm:1.0.2"
  checksum: 10c0/b0f6af749389c71dadfe87016a4f416b10508933c90a990c7aaf502047c36ba696aa8dce225646391f86db3e1f6d60dc8d387da80750b3a9780d4598635cec01
  conditions: (os=linux | os=darwin | os=freebsd | os=solaris | os=sunos | os=win32)
  languageName: node
  linkType: hard

"rhyme@workspace:.":
  version: 0.0.0-use.local
  resolution: "rhyme@workspace:."
  dependencies:
    cmudict: "npm:^1.0.2"
  languageName: unknown
  linkType: soft
